
Microsoft Visual Studio Solution File, Format Version 12.00
# Visual Studio 15
VisualStudioVersion = 15.0.26124.0
MinimumVisualStudioVersion = 15.0.26124.0
Project("{FAE04EC0-301F-11D3-BF4B-00C04F79EFBC}") = "SpelosNet.WebApp", "SpelosNet.WebApp\SpelosNet.WebApp.csproj", "{1AFE2CC4-B355-44BD-93A2-F0EC7B890F39}"
EndProject
Project("{FAE04EC0-301F-11D3-BF4B-00C04F79EFBC}") = "SpelosNet.Core", "SpelosNet.Core\SpelosNet.Core.csproj", "{08D9ED27-CAE7-4D9E-9393-EE6C81E56C49}"
EndProject
Project("{FAE04EC0-301F-11D3-BF4B-00C04F79EFBC}") = "SpelosNet.Infrastructure", "SpelosNet.Infrastructure\SpelosNet.Infrastructure.csproj", "{878CFAE3-5386-431E-8240-43EE58D9BC01}"
EndProject
Global
	GlobalSection(SolutionConfigurationPlatforms) = preSolution
		Debug|Any CPU = Debug|Any CPU
		Debug|x64 = Debug|x64
		Debug|x86 = Debug|x86
		Release|Any CPU = Release|Any CPU
		Release|x64 = Release|x64
		Release|x86 = Release|x86
	EndGlobalSection
	GlobalSection(SolutionProperties) = preSolution
		HideSolutionNode = FALSE
	EndGlobalSection
	GlobalSection(ProjectConfigurationPlatforms) = postSolution
		{1AFE2CC4-B355-44BD-93A2-F0EC7B890F39}.Debug|Any CPU.ActiveCfg = Debug|Any CPU
		{1AFE2CC4-B355-44BD-93A2-F0EC7B890F39}.Debug|Any CPU.Build.0 = Debug|Any CPU
		{1AFE2CC4-B355-44BD-93A2-F0EC7B890F39}.Debug|x64.ActiveCfg = Debug|Any CPU
		{1AFE2CC4-B355-44BD-93A2-F0EC7B890F39}.Debug|x64.Build.0 = Debug|Any CPU
		{1AFE2CC4-B355-44BD-93A2-F0EC7B890F39}.Debug|x86.ActiveCfg = Debug|Any CPU
		{1AFE2CC4-B355-44BD-93A2-F0EC7B890F39}.Debug|x86.Build.0 = Debug|Any CPU
		{1AFE2CC4-B355-44BD-93A2-F0EC7B890F39}.Release|Any CPU.ActiveCfg = Release|Any CPU
		{1AFE2CC4-B355-44BD-93A2-F0EC7B890F39}.Release|Any CPU.Build.0 = Release|Any CPU
		{1AFE2CC4-B355-44BD-93A2-F0EC7B890F39}.Release|x64.ActiveCfg = Release|Any CPU
		{1AFE2CC4-B355-44BD-93A2-F0EC7B890F39}.Release|x64.Build.0 = Release|Any CPU
		{1AFE2CC4-B355-44BD-93A2-F0EC7B890F39}.Release|x86.ActiveCfg = Release|Any CPU
		{1AFE2CC4-B355-44BD-93A2-F0EC7B890F39}.Release|x86.Build.0 = Release|Any CPU
		{08D9ED27-CAE7-4D9E-9393-EE6C81E56C49}.Debug|Any CPU.ActiveCfg = Debug|Any CPU
		{08D9ED27-CAE7-4D9E-9393-EE6C81E56C49}.Debug|Any CPU.Build.0 = Debug|Any CPU
		{08D9ED27-CAE7-4D9E-9393-EE6C81E56C49}.Debug|x64.ActiveCfg = Debug|Any CPU
		{08D9ED27-CAE7-4D9E-9393-EE6C81E56C49}.Debug|x64.Build.0 = Debug|Any CPU
		{08D9ED27-CAE7-4D9E-9393-EE6C81E56C49}.Debug|x86.ActiveCfg = Debug|Any CPU
		{08D9ED27-CAE7-4D9E-9393-EE6C81E56C49}.Debug|x86.Build.0 = Debug|Any CPU
		{08D9ED27-CAE7-4D9E-9393-EE6C81E56C49}.Release|Any CPU.ActiveCfg = Release|Any CPU
		{08D9ED27-CAE7-4D9E-9393-EE6C81E56C49}.Release|Any CPU.Build.0 = Release|Any CPU
		{08D9ED27-CAE7-4D9E-9393-EE6C81E56C49}.Release|x64.ActiveCfg = Release|Any CPU
		{08D9ED27-CAE7-4D9E-9393-EE6C81E56C49}.Release|x64.Build.0 = Release|Any CPU
		{08D9ED27-CAE7-4D9E-9393-EE6C81E56C49}.Release|x86.ActiveCfg = Release|Any CPU
		{08D9ED27-CAE7-4D9E-9393-EE6C81E56C49}.Release|x86.Build.0 = Release|Any CPU
		{878CFAE3-5386-431E-8240-43EE58D9BC01}.Debug|Any CPU.ActiveCfg = Debug|Any CPU
		{878CFAE3-5386-431E-8240-43EE58D9BC01}.Debug|Any CPU.Build.0 = Debug|Any CPU
		{878CFAE3-5386-431E-8240-43EE58D9BC01}.Debug|x64.ActiveCfg = Debug|Any CPU
		{878CFAE3-5386-431E-8240-43EE58D9BC01}.Debug|x64.Build.0 = Debug|Any CPU
		{878CFAE3-5386-431E-8240-43EE58D9BC01}.Debug|x86.ActiveCfg = Debug|Any CPU
		{878CFAE3-5386-431E-8240-43EE58D9BC01}.Debug|x86.Build.0 = Debug|Any CPU
		{878CFAE3-5386-431E-8240-43EE58D9BC01}.Release|Any CPU.ActiveCfg = Release|Any CPU
		{878CFAE3-5386-431E-8240-43EE58D9BC01}.Release|Any CPU.Build.0 = Release|Any CPU
		{878CFAE3-5386-431E-8240-43EE58D9BC01}.Release|x64.ActiveCfg = Release|Any CPU
		{878CFAE3-5386-431E-8240-43EE58D9BC01}.Release|x64.Build.0 = Release|Any CPU
		{878CFAE3-5386-431E-8240-43EE58D9BC01}.Release|x86.ActiveCfg = Release|Any CPU
		{878CFAE3-5386-431E-8240-43EE58D9BC01}.Release|x86.Build.0 = Release|Any CPU
	EndGlobalSection
EndGlobal
